
Microsoft Visual Studio Solution File, Format Version 12.00
# Visual Studio Version 17
VisualStudioVersion = 17.13.35825.156 d17.13
MinimumVisualStudioVersion = 10.0.40219.1
Project("{FAE04EC0-301F-11D3-BF4B-00C04F79EFBC}") = "NadinSoftTaskZomorodian", "NadinSoftTaskZomorodian\NadinSoftTaskZomorodian.csproj", "{EF43CA5F-6626-4465-92B9-0404D7F5C037}"
EndProject
Project("{FAE04EC0-301F-11D3-BF4B-00C04F79EFBC}") = "Domain.NadinSoft", "Domain.NadinSoft\Domain.NadinSoft.csproj", "{3A01A8DF-455C-47F9-8550-0CEB53FA19BF}"
EndProject
Project("{FAE04EC0-301F-11D3-BF4B-00C04F79EFBC}") = "Application.NadinSoft", "Application.NadinSoft\Application.NadinSoft.csproj", "{C6D29084-C4F9-4B8E-9003-D87A30278F45}"
EndProject
Project("{FAE04EC0-301F-11D3-BF4B-00C04F79EFBC}") = "Infrustructure.NadinSoft", "Infrustructure.NadinSoft\Infrustructure.NadinSoft.csproj", "{6C217743-D3B2-48EF-95E0-4AFF8E7FE83C}"
EndProject
Global
	GlobalSection(SolutionConfigurationPlatforms) = preSolution
		Debug|Any CPU = Debug|Any CPU
		Release|Any CPU = Release|Any CPU
	EndGlobalSection
	GlobalSection(ProjectConfigurationPlatforms) = postSolution
		{EF43CA5F-6626-4465-92B9-0404D7F5C037}.Debug|Any CPU.ActiveCfg = Debug|Any CPU
		{EF43CA5F-6626-4465-92B9-0404D7F5C037}.Debug|Any CPU.Build.0 = Debug|Any CPU
		{EF43CA5F-6626-4465-92B9-0404D7F5C037}.Release|Any CPU.ActiveCfg = Release|Any CPU
		{EF43CA5F-6626-4465-92B9-0404D7F5C037}.Release|Any CPU.Build.0 = Release|Any CPU
		{3A01A8DF-455C-47F9-8550-0CEB53FA19BF}.Debug|Any CPU.ActiveCfg = Debug|Any CPU
		{3A01A8DF-455C-47F9-8550-0CEB53FA19BF}.Debug|Any CPU.Build.0 = Debug|Any CPU
		{3A01A8DF-455C-47F9-8550-0CEB53FA19BF}.Release|Any CPU.ActiveCfg = Release|Any CPU
		{3A01A8DF-455C-47F9-8550-0CEB53FA19BF}.Release|Any CPU.Build.0 = Release|Any CPU
		{C6D29084-C4F9-4B8E-9003-D87A30278F45}.Debug|Any CPU.ActiveCfg = Debug|Any CPU
		{C6D29084-C4F9-4B8E-9003-D87A30278F45}.Debug|Any CPU.Build.0 = Debug|Any CPU
		{C6D29084-C4F9-4B8E-9003-D87A30278F45}.Release|Any CPU.ActiveCfg = Release|Any CPU
		{C6D29084-C4F9-4B8E-9003-D87A30278F45}.Release|Any CPU.Build.0 = Release|Any CPU
		{6C217743-D3B2-48EF-95E0-4AFF8E7FE83C}.Debug|Any CPU.ActiveCfg = Debug|Any CPU
		{6C217743-D3B2-48EF-95E0-4AFF8E7FE83C}.Debug|Any CPU.Build.0 = Debug|Any CPU
		{6C217743-D3B2-48EF-95E0-4AFF8E7FE83C}.Release|Any CPU.ActiveCfg = Release|Any CPU
		{6C217743-D3B2-48EF-95E0-4AFF8E7FE83C}.Release|Any CPU.Build.0 = Release|Any CPU
	EndGlobalSection
	GlobalSection(SolutionProperties) = preSolution
		HideSolutionNode = FALSE
	EndGlobalSection
	GlobalSection(ExtensibilityGlobals) = postSolution
		SolutionGuid = {FF31DC92-F5FB-48C6-ABC6-0575D8E7F41D}
	EndGlobalSection
EndGlobal
